
Microsoft Visual Studio Solution File, Format Version 12.00
# Visual Studio Version 17
VisualStudioVersion = 17.0.32112.339
MinimumVisualStudioVersion = 10.0.40219.1
Project("{FAE04EC0-301F-11D3-BF4B-00C04F79EFBC}") = "tareaClase6", "tareaClase6\tareaClase6.csproj", "{1FB8175E-EC0B-4B38-9B95-06A17939F305}"
EndProject
Global
	GlobalSection(SolutionConfigurationPlatforms) = preSolution
		Debug|Any CPU = Debug|Any CPU
		Release|Any CPU = Release|Any CPU
	EndGlobalSection
	GlobalSection(ProjectConfigurationPlatforms) = postSolution
		{1FB8175E-EC0B-4B38-9B95-06A17939F305}.Debug|Any CPU.ActiveCfg = Debug|Any CPU
		{1FB8175E-EC0B-4B38-9B95-06A17939F305}.Debug|Any CPU.Build.0 = Debug|Any CPU
		{1FB8175E-EC0B-4B38-9B95-06A17939F305}.Release|Any CPU.ActiveCfg = Release|Any CPU
		{1FB8175E-EC0B-4B38-9B95-06A17939F305}.Release|Any CPU.Build.0 = Release|Any CPU
	EndGlobalSection
	GlobalSection(SolutionProperties) = preSolution
		HideSolutionNode = FALSE
	EndGlobalSection
	GlobalSection(ExtensibilityGlobals) = postSolution
		SolutionGuid = {234A5846-6EED-4196-A507-CEF5E82773BA}
	EndGlobalSection
EndGlobal
